
Microsoft Visual Studio Solution File, Format Version 12.00
# Visual Studio Version 17
VisualStudioVersion = 17.4.33213.308
MinimumVisualStudioVersion = 10.0.40219.1
Project("{9A19103F-16F7-4668-BE54-9A1E7A4F7556}") = "TTRPG Combat Turn Tracker.Server", "TTRPG Combat Turn Tracker\Server\TTRPG Combat Turn Tracker.Server.csproj", "{C6B8F228-8D56-4584-8A89-AB6E1B7F4850}"
EndProject
Project("{9A19103F-16F7-4668-BE54-9A1E7A4F7556}") = "TTRPG Combat Turn Tracker.Client", "TTRPG Combat Turn Tracker\Client\TTRPG Combat Turn Tracker.Client.csproj", "{7A2385A6-BACE-4516-8B7C-BBC112FB400A}"
EndProject
Project("{9A19103F-16F7-4668-BE54-9A1E7A4F7556}") = "TTRPG Combat Turn Tracker.Shared", "TTRPG Combat Turn Tracker\Shared\TTRPG Combat Turn Tracker.Shared.csproj", "{BC572D9E-2565-4A68-B95E-AB559311635F}"
EndProject
Global
	GlobalSection(SolutionConfigurationPlatforms) = preSolution
		Debug|Any CPU = Debug|Any CPU
		Release|Any CPU = Release|Any CPU
	EndGlobalSection
	GlobalSection(ProjectConfigurationPlatforms) = postSolution
		{C6B8F228-8D56-4584-8A89-AB6E1B7F4850}.Debug|Any CPU.ActiveCfg = Debug|Any CPU
		{C6B8F228-8D56-4584-8A89-AB6E1B7F4850}.Debug|Any CPU.Build.0 = Debug|Any CPU
		{C6B8F228-8D56-4584-8A89-AB6E1B7F4850}.Release|Any CPU.ActiveCfg = Release|Any CPU
		{C6B8F228-8D56-4584-8A89-AB6E1B7F4850}.Release|Any CPU.Build.0 = Release|Any CPU
		{7A2385A6-BACE-4516-8B7C-BBC112FB400A}.Debug|Any CPU.ActiveCfg = Debug|Any CPU
		{7A2385A6-BACE-4516-8B7C-BBC112FB400A}.Debug|Any CPU.Build.0 = Debug|Any CPU
		{7A2385A6-BACE-4516-8B7C-BBC112FB400A}.Release|Any CPU.ActiveCfg = Release|Any CPU
		{7A2385A6-BACE-4516-8B7C-BBC112FB400A}.Release|Any CPU.Build.0 = Release|Any CPU
		{BC572D9E-2565-4A68-B95E-AB559311635F}.Debug|Any CPU.ActiveCfg = Debug|Any CPU
		{BC572D9E-2565-4A68-B95E-AB559311635F}.Debug|Any CPU.Build.0 = Debug|Any CPU
		{BC572D9E-2565-4A68-B95E-AB559311635F}.Release|Any CPU.ActiveCfg = Release|Any CPU
		{BC572D9E-2565-4A68-B95E-AB559311635F}.Release|Any CPU.Build.0 = Release|Any CPU
	EndGlobalSection
	GlobalSection(SolutionProperties) = preSolution
		HideSolutionNode = FALSE
	EndGlobalSection
	GlobalSection(ExtensibilityGlobals) = postSolution
		SolutionGuid = {D4812B5F-9B79-4129-BCED-275BC4A163CD}
	EndGlobalSection
EndGlobal
